
Microsoft Visual Studio Solution File, Format Version 12.00
# Visual Studio Version 17
VisualStudioVersion = 17.8.34525.116
MinimumVisualStudioVersion = 10.0.40219.1
Project("{FAE04EC0-301F-11D3-BF4B-00C04F79EFBC}") = "MaskeTakip", "MaskeTakip\MaskeTakip.csproj", "{EEF45CBB-3C82-4DAF-B6A6-934D46626A13}"
EndProject
Project("{FAE04EC0-301F-11D3-BF4B-00C04F79EFBC}") = "Entities", "Entities\Entities.csproj", "{5597FB72-B80C-4037-B89D-30810DFAC480}"
EndProject
Project("{FAE04EC0-301F-11D3-BF4B-00C04F79EFBC}") = "Business", "Business\Business.csproj", "{DF76C56A-B930-418A-9B01-3E56FCF77B6B}"
EndProject
Global
	GlobalSection(SolutionConfigurationPlatforms) = preSolution
		Debug|Any CPU = Debug|Any CPU
		Release|Any CPU = Release|Any CPU
	EndGlobalSection
	GlobalSection(ProjectConfigurationPlatforms) = postSolution
		{EEF45CBB-3C82-4DAF-B6A6-934D46626A13}.Debug|Any CPU.ActiveCfg = Debug|Any CPU
		{EEF45CBB-3C82-4DAF-B6A6-934D46626A13}.Debug|Any CPU.Build.0 = Debug|Any CPU
		{EEF45CBB-3C82-4DAF-B6A6-934D46626A13}.Release|Any CPU.ActiveCfg = Release|Any CPU
		{EEF45CBB-3C82-4DAF-B6A6-934D46626A13}.Release|Any CPU.Build.0 = Release|Any CPU
		{5597FB72-B80C-4037-B89D-30810DFAC480}.Debug|Any CPU.ActiveCfg = Debug|Any CPU
		{5597FB72-B80C-4037-B89D-30810DFAC480}.Debug|Any CPU.Build.0 = Debug|Any CPU
		{5597FB72-B80C-4037-B89D-30810DFAC480}.Release|Any CPU.ActiveCfg = Release|Any CPU
		{5597FB72-B80C-4037-B89D-30810DFAC480}.Release|Any CPU.Build.0 = Release|Any CPU
		{DF76C56A-B930-418A-9B01-3E56FCF77B6B}.Debug|Any CPU.ActiveCfg = Debug|Any CPU
		{DF76C56A-B930-418A-9B01-3E56FCF77B6B}.Debug|Any CPU.Build.0 = Debug|Any CPU
		{DF76C56A-B930-418A-9B01-3E56FCF77B6B}.Release|Any CPU.ActiveCfg = Release|Any CPU
		{DF76C56A-B930-418A-9B01-3E56FCF77B6B}.Release|Any CPU.Build.0 = Release|Any CPU
	EndGlobalSection
	GlobalSection(SolutionProperties) = preSolution
		HideSolutionNode = FALSE
	EndGlobalSection
	GlobalSection(ExtensibilityGlobals) = postSolution
		SolutionGuid = {11068BBB-A63F-406B-AD1B-8DF66F9B4B98}
	EndGlobalSection
EndGlobal
